{
  "name": "@coder-zero/base-workshop",
  "version": "1.0.0",
  "lockfileVersion": 1,
  "requires": true,
  "dependencies": {
    "json-stringify-safe": {
      "version": "5.0.1",
      "resolved": "https://registry.npmjs.org/json-stringify-safe/-/json-stringify-safe-5.0.1.tgz",
      "integrity": "sha1-Epai1Y/UXxmg9s4B1lcB4sc1tus="
    },
    "lodash": {
      "version": "4.17.19",
      "resolved": "https://registry.npmjs.org/lodash/-/lodash-4.17.19.tgz",
      "integrity": "sha512-JNvd8XER9GQX0v2qJgsaN/mzFCNA5BRe/j8JN9d+tWyGLSodKQHKFicdwNYzWwI3wjRnaKPsGj1XkBjx/F96DQ=="
    },
    "quick-merge": {
      "version": "1.0.19",
      "resolved": "https://registry.npmjs.org/quick-merge/-/quick-merge-1.0.19.tgz",
      "integrity": "sha512-YsyKaUH6aUG/D9qT7Kt5ANPlChhMn6StNcB5x6qzxU2uovDXX594+h3+hmuHK2FnxOcfi3WubQ4n4+yFf/+3mg=="
    },
    "sg0": {
      "version": "1.0.48",
      "resolved": "https://registry.npmjs.org/sg0/-/sg0-1.0.48.tgz",
      "integrity": "sha512-BUt60nFDCcithTzOivH0HJEJB1qJJ7IN/1BiR/fVKD+sthKZPSWUqtQ3IBs61FEIS7KVuH6WLmI1qF+rk1gA7w==",
      "requires": {
        "json-stringify-safe": "^5.0.1",
        "lodash": "^4.17.13"
      }
    }
  }
}
